
Microsoft Visual Studio Solution File, Format Version 12.00
# Visual Studio Version 16
VisualStudioVersion = 16.0.31515.178
MinimumVisualStudioVersion = 10.0.40219.1
Project("{FAE04EC0-301F-11D3-BF4B-00C04F79EFBC}") = "ReverseAStringMVC", "ReverseAStringMVC\ReverseAStringMVC.csproj", "{1FCE2C93-D5E2-4FCA-A47B-794419787991}"
EndProject
Global
	GlobalSection(SolutionConfigurationPlatforms) = preSolution
		Debug|Any CPU = Debug|Any CPU
		Release|Any CPU = Release|Any CPU
	EndGlobalSection
	GlobalSection(ProjectConfigurationPlatforms) = postSolution
		{1FCE2C93-D5E2-4FCA-A47B-794419787991}.Debug|Any CPU.ActiveCfg = Debug|Any CPU
		{1FCE2C93-D5E2-4FCA-A47B-794419787991}.Debug|Any CPU.Build.0 = Debug|Any CPU
		{1FCE2C93-D5E2-4FCA-A47B-794419787991}.Release|Any CPU.ActiveCfg = Release|Any CPU
		{1FCE2C93-D5E2-4FCA-A47B-794419787991}.Release|Any CPU.Build.0 = Release|Any CPU
	EndGlobalSection
	GlobalSection(SolutionProperties) = preSolution
		HideSolutionNode = FALSE
	EndGlobalSection
	GlobalSection(ExtensibilityGlobals) = postSolution
		SolutionGuid = {04679FC9-2A82-495B-AD85-C0D7ED634171}
	EndGlobalSection
EndGlobal
